PODS:
  - Flutter (1.0.0)
  - flutter_gallery_plugin (0.0.1):
    - Flutter

DEPENDENCIES:
  - Flutter (from `.symlinks/flutter/ios-release`)
  - flutter_gallery_plugin (from `.symlinks/plugins/flutter_gallery_plugin/ios`)

EXTERNAL SOURCES:
  Flutter:
    :path: ".symlinks/flutter/ios-release"
  flutter_gallery_plugin:
    :path: ".symlinks/plugins/flutter_gallery_plugin/ios"

SPEC CHECKSUMS:
  Flutter: 58dd7d1b27887414a370fcccb9e645c08ffd7a6a
  flutter_gallery_plugin: 019fbb156864b8c36cec6766c938c2345be797a0

PODFILE CHECKSUM: 3e3225584b16e78d226da6d8064e2d74c005fdb8

COCOAPODS: 1.6.2
